
Microsoft Visual Studio Solution File, Format Version 12.00
# Visual Studio Version 17
VisualStudioVersion = 17.11.35222.181
MinimumVisualStudioVersion = 10.0.40219.1
Project("{9A19103F-16F7-4668-BE54-9A1E7A4F7556}") = "DataModel", "DataModel\DataModel.csproj", "{F9D1A810-41AD-41DC-A34A-CEFBCE28E0EC}"
EndProject
Project("{9A19103F-16F7-4668-BE54-9A1E7A4F7556}") = "T8Api", "T8Api\T8Api.csproj", "{C928FF4E-7C27-4F1A-81C6-A77EF8FBCBDE}"
EndProject
Global
	GlobalSection(SolutionConfigurationPlatforms) = preSolution
		Debug|Any CPU = Debug|Any CPU
		Release|Any CPU = Release|Any CPU
	EndGlobalSection
	GlobalSection(ProjectConfigurationPlatforms) = postSolution
		{F9D1A810-41AD-41DC-A34A-CEFBCE28E0EC}.Debug|Any CPU.ActiveCfg = Debug|Any CPU
		{F9D1A810-41AD-41DC-A34A-CEFBCE28E0EC}.Debug|Any CPU.Build.0 = Debug|Any CPU
		{F9D1A810-41AD-41DC-A34A-CEFBCE28E0EC}.Release|Any CPU.ActiveCfg = Release|Any CPU
		{F9D1A810-41AD-41DC-A34A-CEFBCE28E0EC}.Release|Any CPU.Build.0 = Release|Any CPU
		{C928FF4E-7C27-4F1A-81C6-A77EF8FBCBDE}.Debug|Any CPU.ActiveCfg = Debug|Any CPU
		{C928FF4E-7C27-4F1A-81C6-A77EF8FBCBDE}.Debug|Any CPU.Build.0 = Debug|Any CPU
		{C928FF4E-7C27-4F1A-81C6-A77EF8FBCBDE}.Release|Any CPU.ActiveCfg = Release|Any CPU
		{C928FF4E-7C27-4F1A-81C6-A77EF8FBCBDE}.Release|Any CPU.Build.0 = Release|Any CPU
	EndGlobalSection
	GlobalSection(SolutionProperties) = preSolution
		HideSolutionNode = FALSE
	EndGlobalSection
	GlobalSection(ExtensibilityGlobals) = postSolution
		SolutionGuid = {FACA094E-A9C7-4DE9-9509-2552654E77A1}
	EndGlobalSection
EndGlobal
